
Microsoft Visual Studio Solution File, Format Version 12.00
# Visual Studio Version 16
VisualStudioVersion = 16.0.29009.5
MinimumVisualStudioVersion = 10.0.40219.1
Project("{FAE04EC0-301F-11D3-BF4B-00C04F79EFBC}") = "HackerRank_New_Year_Chaos", "HackerRank_New_Year_Chaos\HackerRank_New_Year_Chaos.csproj", "{C9E23D00-CF8B-4A37-9893-E9A17F6017BC}"
EndProject
Project("{FAE04EC0-301F-11D3-BF4B-00C04F79EFBC}") = "HackerRank.2DArray_DS", "HackerRank.2DArray_DS\HackerRank.2DArray_DS.csproj", "{EA2820B9-D7EA-4FD8-B3F8-1C3BFC3B0692}"
EndProject
Project("{FAE04EC0-301F-11D3-BF4B-00C04F79EFBC}") = "HackerRank_Arrays_Left_Rotation", "HackerRank_Arrays_Left_Rotation\HackerRank_Arrays_Left_Rotation.csproj", "{6BA69179-3AD3-44C9-9A9A-6DFC0A098D86}"
EndProject
Project("{FAE04EC0-301F-11D3-BF4B-00C04F79EFBC}") = "HackerRank_Minimum_Swaps_2", "HackerRank_Minimum_Swaps_2\HackerRank_Minimum_Swaps_2.csproj", "{4530BA56-F7D1-4929-B8CC-9D77A2319EC4}"
EndProject
Global
	GlobalSection(SolutionConfigurationPlatforms) = preSolution
		Debug|Any CPU = Debug|Any CPU
		Release|Any CPU = Release|Any CPU
	EndGlobalSection
	GlobalSection(ProjectConfigurationPlatforms) = postSolution
		{C9E23D00-CF8B-4A37-9893-E9A17F6017BC}.Debug|Any CPU.ActiveCfg = Debug|Any CPU
		{C9E23D00-CF8B-4A37-9893-E9A17F6017BC}.Debug|Any CPU.Build.0 = Debug|Any CPU
		{C9E23D00-CF8B-4A37-9893-E9A17F6017BC}.Release|Any CPU.ActiveCfg = Release|Any CPU
		{C9E23D00-CF8B-4A37-9893-E9A17F6017BC}.Release|Any CPU.Build.0 = Release|Any CPU
		{EA2820B9-D7EA-4FD8-B3F8-1C3BFC3B0692}.Debug|Any CPU.ActiveCfg = Debug|Any CPU
		{EA2820B9-D7EA-4FD8-B3F8-1C3BFC3B0692}.Debug|Any CPU.Build.0 = Debug|Any CPU
		{EA2820B9-D7EA-4FD8-B3F8-1C3BFC3B0692}.Release|Any CPU.ActiveCfg = Release|Any CPU
		{EA2820B9-D7EA-4FD8-B3F8-1C3BFC3B0692}.Release|Any CPU.Build.0 = Release|Any CPU
		{6BA69179-3AD3-44C9-9A9A-6DFC0A098D86}.Debug|Any CPU.ActiveCfg = Debug|Any CPU
		{6BA69179-3AD3-44C9-9A9A-6DFC0A098D86}.Debug|Any CPU.Build.0 = Debug|Any CPU
		{6BA69179-3AD3-44C9-9A9A-6DFC0A098D86}.Release|Any CPU.ActiveCfg = Release|Any CPU
		{6BA69179-3AD3-44C9-9A9A-6DFC0A098D86}.Release|Any CPU.Build.0 = Release|Any CPU
		{4530BA56-F7D1-4929-B8CC-9D77A2319EC4}.Debug|Any CPU.ActiveCfg = Debug|Any CPU
		{4530BA56-F7D1-4929-B8CC-9D77A2319EC4}.Debug|Any CPU.Build.0 = Debug|Any CPU
		{4530BA56-F7D1-4929-B8CC-9D77A2319EC4}.Release|Any CPU.ActiveCfg = Release|Any CPU
		{4530BA56-F7D1-4929-B8CC-9D77A2319EC4}.Release|Any CPU.Build.0 = Release|Any CPU
	EndGlobalSection
	GlobalSection(SolutionProperties) = preSolution
		HideSolutionNode = FALSE
	EndGlobalSection
	GlobalSection(ExtensibilityGlobals) = postSolution
		SolutionGuid = {A56C01F0-5E9D-4DA9-A4A1-12D0E9F8C908}
	EndGlobalSection
EndGlobal
